
Microsoft Visual Studio Solution File, Format Version 12.00
# Visual Studio Version 16
VisualStudioVersion = 16.0.30114.105
MinimumVisualStudioVersion = 10.0.40219.1
Project("{FAE04EC0-301F-11D3-BF4B-00C04F79EFBC}") = "API", "API\API.csproj", "{91353F64-E13B-48F4-9393-E58CDAD3CBC8}"
EndProject
Project("{FAE04EC0-301F-11D3-BF4B-00C04F79EFBC}") = "Application", "Application\Application.csproj", "{77F1DCF1-871C-415C-B6BB-AEE9DA52EB5C}"
EndProject
Project("{FAE04EC0-301F-11D3-BF4B-00C04F79EFBC}") = "Domain", "Domain\Domain.csproj", "{C04C9CE8-CF1D-4D05-8FCD-9B88E3DBD739}"
EndProject
Project("{FAE04EC0-301F-11D3-BF4B-00C04F79EFBC}") = "Persistence", "Persistence\Persistence.csproj", "{6143C3CA-9B97-40E2-8FE1-334341997441}"
EndProject
Global
	GlobalSection(SolutionConfigurationPlatforms) = preSolution
		Debug|Any CPU = Debug|Any CPU
		Debug|x64 = Debug|x64
		Debug|x86 = Debug|x86
		Release|Any CPU = Release|Any CPU
		Release|x64 = Release|x64
		Release|x86 = Release|x86
	EndGlobalSection
	GlobalSection(SolutionProperties) = preSolution
		HideSolutionNode = FALSE
	EndGlobalSection
	GlobalSection(ProjectConfigurationPlatforms) = postSolution
		{91353F64-E13B-48F4-9393-E58CDAD3CBC8}.Debug|Any CPU.ActiveCfg = Debug|Any CPU
		{91353F64-E13B-48F4-9393-E58CDAD3CBC8}.Debug|Any CPU.Build.0 = Debug|Any CPU
		{91353F64-E13B-48F4-9393-E58CDAD3CBC8}.Debug|x64.ActiveCfg = Debug|Any CPU
		{91353F64-E13B-48F4-9393-E58CDAD3CBC8}.Debug|x64.Build.0 = Debug|Any CPU
		{91353F64-E13B-48F4-9393-E58CDAD3CBC8}.Debug|x86.ActiveCfg = Debug|Any CPU
		{91353F64-E13B-48F4-9393-E58CDAD3CBC8}.Debug|x86.Build.0 = Debug|Any CPU
		{91353F64-E13B-48F4-9393-E58CDAD3CBC8}.Release|Any CPU.ActiveCfg = Release|Any CPU
		{91353F64-E13B-48F4-9393-E58CDAD3CBC8}.Release|Any CPU.Build.0 = Release|Any CPU
		{91353F64-E13B-48F4-9393-E58CDAD3CBC8}.Release|x64.ActiveCfg = Release|Any CPU
		{91353F64-E13B-48F4-9393-E58CDAD3CBC8}.Release|x64.Build.0 = Release|Any CPU
		{91353F64-E13B-48F4-9393-E58CDAD3CBC8}.Release|x86.ActiveCfg = Release|Any CPU
		{91353F64-E13B-48F4-9393-E58CDAD3CBC8}.Release|x86.Build.0 = Release|Any CPU
		{77F1DCF1-871C-415C-B6BB-AEE9DA52EB5C}.Debug|Any CPU.ActiveCfg = Debug|Any CPU
		{77F1DCF1-871C-415C-B6BB-AEE9DA52EB5C}.Debug|Any CPU.Build.0 = Debug|Any CPU
		{77F1DCF1-871C-415C-B6BB-AEE9DA52EB5C}.Debug|x64.ActiveCfg = Debug|Any CPU
		{77F1DCF1-871C-415C-B6BB-AEE9DA52EB5C}.Debug|x64.Build.0 = Debug|Any CPU
		{77F1DCF1-871C-415C-B6BB-AEE9DA52EB5C}.Debug|x86.ActiveCfg = Debug|Any CPU
		{77F1DCF1-871C-415C-B6BB-AEE9DA52EB5C}.Debug|x86.Build.0 = Debug|Any CPU
		{77F1DCF1-871C-415C-B6BB-AEE9DA52EB5C}.Release|Any CPU.ActiveCfg = Release|Any CPU
		{77F1DCF1-871C-415C-B6BB-AEE9DA52EB5C}.Release|Any CPU.Build.0 = Release|Any CPU
		{77F1DCF1-871C-415C-B6BB-AEE9DA52EB5C}.Release|x64.ActiveCfg = Release|Any CPU
		{77F1DCF1-871C-415C-B6BB-AEE9DA52EB5C}.Release|x64.Build.0 = Release|Any CPU
		{77F1DCF1-871C-415C-B6BB-AEE9DA52EB5C}.Release|x86.ActiveCfg = Release|Any CPU
		{77F1DCF1-871C-415C-B6BB-AEE9DA52EB5C}.Release|x86.Build.0 = Release|Any CPU
		{C04C9CE8-CF1D-4D05-8FCD-9B88E3DBD739}.Debug|Any CPU.ActiveCfg = Debug|Any CPU
		{C04C9CE8-CF1D-4D05-8FCD-9B88E3DBD739}.Debug|Any CPU.Build.0 = Debug|Any CPU
		{C04C9CE8-CF1D-4D05-8FCD-9B88E3DBD739}.Debug|x64.ActiveCfg = Debug|Any CPU
		{C04C9CE8-CF1D-4D05-8FCD-9B88E3DBD739}.Debug|x64.Build.0 = Debug|Any CPU
		{C04C9CE8-CF1D-4D05-8FCD-9B88E3DBD739}.Debug|x86.ActiveCfg = Debug|Any CPU
		{C04C9CE8-CF1D-4D05-8FCD-9B88E3DBD739}.Debug|x86.Build.0 = Debug|Any CPU
		{C04C9CE8-CF1D-4D05-8FCD-9B88E3DBD739}.Release|Any CPU.ActiveCfg = Release|Any CPU
		{C04C9CE8-CF1D-4D05-8FCD-9B88E3DBD739}.Release|Any CPU.Build.0 = Release|Any CPU
		{C04C9CE8-CF1D-4D05-8FCD-9B88E3DBD739}.Release|x64.ActiveCfg = Release|Any CPU
		{C04C9CE8-CF1D-4D05-8FCD-9B88E3DBD739}.Release|x64.Build.0 = Release|Any CPU
		{C04C9CE8-CF1D-4D05-8FCD-9B88E3DBD739}.Release|x86.ActiveCfg = Release|Any CPU
		{C04C9CE8-CF1D-4D05-8FCD-9B88E3DBD739}.Release|x86.Build.0 = Release|Any CPU
		{6143C3CA-9B97-40E2-8FE1-334341997441}.Debug|Any CPU.ActiveCfg = Debug|Any CPU
		{6143C3CA-9B97-40E2-8FE1-334341997441}.Debug|Any CPU.Build.0 = Debug|Any CPU
		{6143C3CA-9B97-40E2-8FE1-334341997441}.Debug|x64.ActiveCfg = Debug|Any CPU
		{6143C3CA-9B97-40E2-8FE1-334341997441}.Debug|x64.Build.0 = Debug|Any CPU
		{6143C3CA-9B97-40E2-8FE1-334341997441}.Debug|x86.ActiveCfg = Debug|Any CPU
		{6143C3CA-9B97-40E2-8FE1-334341997441}.Debug|x86.Build.0 = Debug|Any CPU
		{6143C3CA-9B97-40E2-8FE1-334341997441}.Release|Any CPU.ActiveCfg = Release|Any CPU
		{6143C3CA-9B97-40E2-8FE1-334341997441}.Release|Any CPU.Build.0 = Release|Any CPU
		{6143C3CA-9B97-40E2-8FE1-334341997441}.Release|x64.ActiveCfg = Release|Any CPU
		{6143C3CA-9B97-40E2-8FE1-334341997441}.Release|x64.Build.0 = Release|Any CPU
		{6143C3CA-9B97-40E2-8FE1-334341997441}.Release|x86.ActiveCfg = Release|Any CPU
		{6143C3CA-9B97-40E2-8FE1-334341997441}.Release|x86.Build.0 = Release|Any CPU
	EndGlobalSection
EndGlobal
